dependencies:
  espressif/mdns:
    component_hash: 29e47564b1a7ee778135e17fbbf2a2773f71c97ebabfe626c8eda7c958a7ad16
    source:
      service_url: https://api.components.espressif.com/
      type: service
    version: 1.9.1
  idf:
    component_hash: null
    source:
      type: idf
    version: 5.3.1
manifest_hash: f3576e9e02c63f2e4eef1c6f2a49e373fe9a6534d7cf59c8ee2ef17b68de9c5f
target: esp32
version: 1.0.0
